
Microsoft Visual Studio Solution File, Format Version 12.00
# Visual Studio 15
VisualStudioVersion = 15.0.28307.329
MinimumVisualStudioVersion = 10.0.40219.1
Project("{9A19103F-16F7-4668-BE54-9A1E7A4F7556}") = "BoardOfMessages", "BoardOfMessages\BoardOfMessages.csproj", "{DEB5A667-4076-4242-9C15-2A8DB2C8B5A8}"
EndProject
Project("{FAE04EC0-301F-11D3-BF4B-00C04F79EFBC}") = "AddMessages.core", "AddMessages.core\AddMessages.core.csproj", "{013E916C-7B71-405B-9DBA-032DC26EDE85}"
EndProject
Project("{FAE04EC0-301F-11D3-BF4B-00C04F79EFBC}") = "ListOfMessages.data", "ListOfMessages.data\ListOfMessages.data.csproj", "{3BD80D43-5452-4E8E-8045-89BC6F0383C2}"
EndProject
Global
	GlobalSection(SolutionConfigurationPlatforms) = preSolution
		Debug|Any CPU = Debug|Any CPU
		Release|Any CPU = Release|Any CPU
	EndGlobalSection
	GlobalSection(ProjectConfigurationPlatforms) = postSolution
		{DEB5A667-4076-4242-9C15-2A8DB2C8B5A8}.Debug|Any CPU.ActiveCfg = Debug|Any CPU
		{DEB5A667-4076-4242-9C15-2A8DB2C8B5A8}.Debug|Any CPU.Build.0 = Debug|Any CPU
		{DEB5A667-4076-4242-9C15-2A8DB2C8B5A8}.Release|Any CPU.ActiveCfg = Release|Any CPU
		{DEB5A667-4076-4242-9C15-2A8DB2C8B5A8}.Release|Any CPU.Build.0 = Release|Any CPU
		{013E916C-7B71-405B-9DBA-032DC26EDE85}.Debug|Any CPU.ActiveCfg = Debug|Any CPU
		{013E916C-7B71-405B-9DBA-032DC26EDE85}.Debug|Any CPU.Build.0 = Debug|Any CPU
		{013E916C-7B71-405B-9DBA-032DC26EDE85}.Release|Any CPU.ActiveCfg = Release|Any CPU
		{013E916C-7B71-405B-9DBA-032DC26EDE85}.Release|Any CPU.Build.0 = Release|Any CPU
		{3BD80D43-5452-4E8E-8045-89BC6F0383C2}.Debug|Any CPU.ActiveCfg = Debug|Any CPU
		{3BD80D43-5452-4E8E-8045-89BC6F0383C2}.Debug|Any CPU.Build.0 = Debug|Any CPU
		{3BD80D43-5452-4E8E-8045-89BC6F0383C2}.Release|Any CPU.ActiveCfg = Release|Any CPU
		{3BD80D43-5452-4E8E-8045-89BC6F0383C2}.Release|Any CPU.Build.0 = Release|Any CPU
	EndGlobalSection
	GlobalSection(SolutionProperties) = preSolution
		HideSolutionNode = FALSE
	EndGlobalSection
	GlobalSection(ExtensibilityGlobals) = postSolution
		SolutionGuid = {9842A501-1D6F-4689-A763-5B0921F6A354}
	EndGlobalSection
EndGlobal
